
Microsoft Visual Studio Solution File, Format Version 12.00
# Visual Studio Version 17
VisualStudioVersion = 17.5.002.0
MinimumVisualStudioVersion = 10.0.40219.1
Project("{2150E333-8FDC-42A3-9474-1A3956D46DE8}") = "Test", "Test", "{911ADA06-F116-438A-A246-B501FC561885}"
EndProject
Project("{9A19103F-16F7-4668-BE54-9A1E7A4F7556}") = "CleanArchtecture.Tests", "Test\CleanArchtecture.Tests\CleanArchtecture.Tests.csproj", "{0D1853B5-200E-4C98-BBDA-037C6C7CE735}"
EndProject
Project("{2150E333-8FDC-42A3-9474-1A3956D46DE8}") = "Infrastructure", "Infrastructure", "{8A06FF8D-F65F-4402-8FA3-3F8C97A1C9E6}"
EndProject
Project("{9A19103F-16F7-4668-BE54-9A1E7A4F7556}") = "CleanArchitecture.Persistence", "Infrastructure\CleanArchitecture.Persistence\CleanArchitecture.Persistence.csproj", "{5F6EEC61-923D-4575-931A-FE9B2CF83E16}"
EndProject
Project("{2150E333-8FDC-42A3-9474-1A3956D46DE8}") = "Code", "Code", "{1A6BF40B-75D1-4959-90D1-B1705EACB78D}"
EndProject
Project("{9A19103F-16F7-4668-BE54-9A1E7A4F7556}") = "CleanArchitecture.Domain", "Code\CleanArchitecture.Domain\CleanArchitecture.Domain.csproj", "{39744A11-7790-430D-B452-BF79F6938603}"
EndProject
Project("{9A19103F-16F7-4668-BE54-9A1E7A4F7556}") = "CleanArchitecture.Application", "Code\CleanArchitecture.Application\CleanArchitecture.Application.csproj", "{E4F9362F-F67E-483D-BFF4-DDD96D3E269B}"
EndProject
Project("{2150E333-8FDC-42A3-9474-1A3956D46DE8}") = "Presentation", "Presentation", "{0B1B51CF-E1F6-4ABE-867E-6D2D91110642}"
EndProject
Project("{9A19103F-16F7-4668-BE54-9A1E7A4F7556}") = "CleanArchtecture.API", "Presentation\CleanArchtecture.API\CleanArchtecture.API.csproj", "{B5D12E5F-2EA7-4D22-AB56-3EED61664609}"
EndProject
Global
	GlobalSection(SolutionConfigurationPlatforms) = preSolution
		Debug|Any CPU = Debug|Any CPU
		Release|Any CPU = Release|Any CPU
	EndGlobalSection
	GlobalSection(ProjectConfigurationPlatforms) = postSolution
		{0D1853B5-200E-4C98-BBDA-037C6C7CE735}.Debug|Any CPU.ActiveCfg = Debug|Any CPU
		{0D1853B5-200E-4C98-BBDA-037C6C7CE735}.Debug|Any CPU.Build.0 = Debug|Any CPU
		{0D1853B5-200E-4C98-BBDA-037C6C7CE735}.Release|Any CPU.ActiveCfg = Release|Any CPU
		{0D1853B5-200E-4C98-BBDA-037C6C7CE735}.Release|Any CPU.Build.0 = Release|Any CPU
		{5F6EEC61-923D-4575-931A-FE9B2CF83E16}.Debug|Any CPU.ActiveCfg = Debug|Any CPU
		{5F6EEC61-923D-4575-931A-FE9B2CF83E16}.Debug|Any CPU.Build.0 = Debug|Any CPU
		{5F6EEC61-923D-4575-931A-FE9B2CF83E16}.Release|Any CPU.ActiveCfg = Release|Any CPU
		{5F6EEC61-923D-4575-931A-FE9B2CF83E16}.Release|Any CPU.Build.0 = Release|Any CPU
		{39744A11-7790-430D-B452-BF79F6938603}.Debug|Any CPU.ActiveCfg = Debug|Any CPU
		{39744A11-7790-430D-B452-BF79F6938603}.Debug|Any CPU.Build.0 = Debug|Any CPU
		{39744A11-7790-430D-B452-BF79F6938603}.Release|Any CPU.ActiveCfg = Release|Any CPU
		{39744A11-7790-430D-B452-BF79F6938603}.Release|Any CPU.Build.0 = Release|Any CPU
		{E4F9362F-F67E-483D-BFF4-DDD96D3E269B}.Debug|Any CPU.ActiveCfg = Debug|Any CPU
		{E4F9362F-F67E-483D-BFF4-DDD96D3E269B}.Debug|Any CPU.Build.0 = Debug|Any CPU
		{E4F9362F-F67E-483D-BFF4-DDD96D3E269B}.Release|Any CPU.ActiveCfg = Release|Any CPU
		{E4F9362F-F67E-483D-BFF4-DDD96D3E269B}.Release|Any CPU.Build.0 = Release|Any CPU
		{B5D12E5F-2EA7-4D22-AB56-3EED61664609}.Debug|Any CPU.ActiveCfg = Debug|Any CPU
		{B5D12E5F-2EA7-4D22-AB56-3EED61664609}.Debug|Any CPU.Build.0 = Debug|Any CPU
		{B5D12E5F-2EA7-4D22-AB56-3EED61664609}.Release|Any CPU.ActiveCfg = Release|Any CPU
		{B5D12E5F-2EA7-4D22-AB56-3EED61664609}.Release|Any CPU.Build.0 = Release|Any CPU
	EndGlobalSection
	GlobalSection(SolutionProperties) = preSolution
		HideSolutionNode = FALSE
	EndGlobalSection
	GlobalSection(NestedProjects) = preSolution
		{0D1853B5-200E-4C98-BBDA-037C6C7CE735} = {911ADA06-F116-438A-A246-B501FC561885}
		{5F6EEC61-923D-4575-931A-FE9B2CF83E16} = {8A06FF8D-F65F-4402-8FA3-3F8C97A1C9E6}
		{39744A11-7790-430D-B452-BF79F6938603} = {1A6BF40B-75D1-4959-90D1-B1705EACB78D}
		{E4F9362F-F67E-483D-BFF4-DDD96D3E269B} = {1A6BF40B-75D1-4959-90D1-B1705EACB78D}
		{B5D12E5F-2EA7-4D22-AB56-3EED61664609} = {0B1B51CF-E1F6-4ABE-867E-6D2D91110642}
	EndGlobalSection
	GlobalSection(ExtensibilityGlobals) = postSolution
		SolutionGuid = {38B32A8B-604D-47E7-B423-68AAC7998DBC}
	EndGlobalSection
EndGlobal
