
Microsoft Visual Studio Solution File, Format Version 12.00
# Visual Studio Version 17
VisualStudioVersion = 17.0.31903.59
MinimumVisualStudioVersion = 10.0.40219.1
Project("{FAE04EC0-301F-11D3-BF4B-00C04F79EFBC}") = "TechAdvocacia.Core", "TechAdvocacia.Core\TechAdvocacia.Core.csproj", "{5C9DF068-18C6-4E0D-A5F2-E8C1C309DAE1}"
EndProject
Global
	GlobalSection(SolutionConfigurationPlatforms) = preSolution
		Debug|Any CPU = Debug|Any CPU
		Release|Any CPU = Release|Any CPU
	EndGlobalSection
	GlobalSection(SolutionProperties) = preSolution
		HideSolutionNode = FALSE
	EndGlobalSection
	GlobalSection(ProjectConfigurationPlatforms) = postSolution
		{5C9DF068-18C6-4E0D-A5F2-E8C1C309DAE1}.Debug|Any CPU.ActiveCfg = Debug|Any CPU
		{5C9DF068-18C6-4E0D-A5F2-E8C1C309DAE1}.Debug|Any CPU.Build.0 = Debug|Any CPU
		{5C9DF068-18C6-4E0D-A5F2-E8C1C309DAE1}.Release|Any CPU.ActiveCfg = Release|Any CPU
		{5C9DF068-18C6-4E0D-A5F2-E8C1C309DAE1}.Release|Any CPU.Build.0 = Release|Any CPU
	EndGlobalSection
EndGlobal
