
Microsoft Visual Studio Solution File, Format Version 12.00
# Visual Studio Version 17
VisualStudioVersion = 17.0.31903.59
MinimumVisualStudioVersion = 10.0.40219.1
Project("{FAE04EC0-301F-11D3-BF4B-00C04F79EFBC}") = "Exercicio01", "Exercicio01\Exercicio01.csproj", "{FD693B66-15B3-4593-A3EA-580C83353D44}"
EndProject
Project("{FAE04EC0-301F-11D3-BF4B-00C04F79EFBC}") = "Exercicio02", "Exercicio02\Exercicio02.csproj", "{5F8C3579-E337-4F13-AF8C-31EEBDC19F43}"
EndProject
Project("{2150E333-8FDC-42A3-9474-1A3956D46DE8}") = "Praticas", "Praticas", "{8736547B-169F-4856-AB26-9689B512FC1D}"
EndProject
Project("{FAE04EC0-301F-11D3-BF4B-00C04F79EFBC}") = "Exercicio01", "Praticas\Exercicio01\Exercicio01.csproj", "{EFD8147B-861F-4430-8A9D-83465B7CE329}"
EndProject
Project("{FAE04EC0-301F-11D3-BF4B-00C04F79EFBC}") = "Exercicio02", "Praticas\Exercicio02\Exercicio02.csproj", "{A8F3FF8C-6631-4271-B7FB-6034B923BF89}"
EndProject
Project("{FAE04EC0-301F-11D3-BF4B-00C04F79EFBC}") = "Exercicio03", "Praticas\Exercicio03\Exercicio03.csproj", "{CE36D08B-6E63-4C55-83F1-8145A53C5792}"
EndProject
Project("{FAE04EC0-301F-11D3-BF4B-00C04F79EFBC}") = "Exercicio04", "Praticas\Exercicio04\Exercicio04.csproj", "{7C2AD4D1-6D02-402E-B697-4B2205D06C50}"
EndProject
Project("{FAE04EC0-301F-11D3-BF4B-00C04F79EFBC}") = "Exercicio05", "Praticas\Exercicio05\Exercicio05.csproj", "{753B8425-3FA6-4209-8AEC-8028C4DEA327}"
EndProject
Global
	GlobalSection(SolutionConfigurationPlatforms) = preSolution
		Debug|Any CPU = Debug|Any CPU
		Release|Any CPU = Release|Any CPU
	EndGlobalSection
	GlobalSection(SolutionProperties) = preSolution
		HideSolutionNode = FALSE
	EndGlobalSection
	GlobalSection(ProjectConfigurationPlatforms) = postSolution
		{FD693B66-15B3-4593-A3EA-580C83353D44}.Debug|Any CPU.ActiveCfg = Debug|Any CPU
		{FD693B66-15B3-4593-A3EA-580C83353D44}.Debug|Any CPU.Build.0 = Debug|Any CPU
		{FD693B66-15B3-4593-A3EA-580C83353D44}.Release|Any CPU.ActiveCfg = Release|Any CPU
		{FD693B66-15B3-4593-A3EA-580C83353D44}.Release|Any CPU.Build.0 = Release|Any CPU
		{5F8C3579-E337-4F13-AF8C-31EEBDC19F43}.Debug|Any CPU.ActiveCfg = Debug|Any CPU
		{5F8C3579-E337-4F13-AF8C-31EEBDC19F43}.Debug|Any CPU.Build.0 = Debug|Any CPU
		{5F8C3579-E337-4F13-AF8C-31EEBDC19F43}.Release|Any CPU.ActiveCfg = Release|Any CPU
		{5F8C3579-E337-4F13-AF8C-31EEBDC19F43}.Release|Any CPU.Build.0 = Release|Any CPU
		{EFD8147B-861F-4430-8A9D-83465B7CE329}.Debug|Any CPU.ActiveCfg = Debug|Any CPU
		{EFD8147B-861F-4430-8A9D-83465B7CE329}.Debug|Any CPU.Build.0 = Debug|Any CPU
		{EFD8147B-861F-4430-8A9D-83465B7CE329}.Release|Any CPU.ActiveCfg = Release|Any CPU
		{EFD8147B-861F-4430-8A9D-83465B7CE329}.Release|Any CPU.Build.0 = Release|Any CPU
		{A8F3FF8C-6631-4271-B7FB-6034B923BF89}.Debug|Any CPU.ActiveCfg = Debug|Any CPU
		{A8F3FF8C-6631-4271-B7FB-6034B923BF89}.Debug|Any CPU.Build.0 = Debug|Any CPU
		{A8F3FF8C-6631-4271-B7FB-6034B923BF89}.Release|Any CPU.ActiveCfg = Release|Any CPU
		{A8F3FF8C-6631-4271-B7FB-6034B923BF89}.Release|Any CPU.Build.0 = Release|Any CPU
		{CE36D08B-6E63-4C55-83F1-8145A53C5792}.Debug|Any CPU.ActiveCfg = Debug|Any CPU
		{CE36D08B-6E63-4C55-83F1-8145A53C5792}.Debug|Any CPU.Build.0 = Debug|Any CPU
		{CE36D08B-6E63-4C55-83F1-8145A53C5792}.Release|Any CPU.ActiveCfg = Release|Any CPU
		{CE36D08B-6E63-4C55-83F1-8145A53C5792}.Release|Any CPU.Build.0 = Release|Any CPU
		{7C2AD4D1-6D02-402E-B697-4B2205D06C50}.Debug|Any CPU.ActiveCfg = Debug|Any CPU
		{7C2AD4D1-6D02-402E-B697-4B2205D06C50}.Debug|Any CPU.Build.0 = Debug|Any CPU
		{7C2AD4D1-6D02-402E-B697-4B2205D06C50}.Release|Any CPU.ActiveCfg = Release|Any CPU
		{7C2AD4D1-6D02-402E-B697-4B2205D06C50}.Release|Any CPU.Build.0 = Release|Any CPU
		{753B8425-3FA6-4209-8AEC-8028C4DEA327}.Debug|Any CPU.ActiveCfg = Debug|Any CPU
		{753B8425-3FA6-4209-8AEC-8028C4DEA327}.Debug|Any CPU.Build.0 = Debug|Any CPU
		{753B8425-3FA6-4209-8AEC-8028C4DEA327}.Release|Any CPU.ActiveCfg = Release|Any CPU
		{753B8425-3FA6-4209-8AEC-8028C4DEA327}.Release|Any CPU.Build.0 = Release|Any CPU
	EndGlobalSection
	GlobalSection(NestedProjects) = preSolution
		{EFD8147B-861F-4430-8A9D-83465B7CE329} = {8736547B-169F-4856-AB26-9689B512FC1D}
		{A8F3FF8C-6631-4271-B7FB-6034B923BF89} = {8736547B-169F-4856-AB26-9689B512FC1D}
		{CE36D08B-6E63-4C55-83F1-8145A53C5792} = {8736547B-169F-4856-AB26-9689B512FC1D}
		{7C2AD4D1-6D02-402E-B697-4B2205D06C50} = {8736547B-169F-4856-AB26-9689B512FC1D}
		{753B8425-3FA6-4209-8AEC-8028C4DEA327} = {8736547B-169F-4856-AB26-9689B512FC1D}
	EndGlobalSection
EndGlobal
