
Microsoft Visual Studio Solution File, Format Version 12.00
# Visual Studio Version 17
VisualStudioVersion = 17.0.31903.59
MinimumVisualStudioVersion = 10.0.40219.1
Project("{FAE04EC0-301F-11D3-BF4B-00C04F79EFBC}") = "Exercicio01", "Exercicio01\Exercicio01.csproj", "{FD693B66-15B3-4593-A3EA-580C83353D44}"
EndProject
Project("{FAE04EC0-301F-11D3-BF4B-00C04F79EFBC}") = "Exercicio02", "Exercicio02\Exercicio02.csproj", "{5F8C3579-E337-4F13-AF8C-31EEBDC19F43}"
EndProject
Project("{2150E333-8FDC-42A3-9474-1A3956D46DE8}") = "Praticas", "Praticas", "{8736547B-169F-4856-AB26-9689B512FC1D}"
EndProject
Project("{FAE04EC0-301F-11D3-BF4B-00C04F79EFBC}") = "Exercicio01", "Praticas\Exercicio01\Exercicio01.csproj", "{EFD8147B-861F-4430-8A9D-83465B7CE329}"
EndProject
Project("{FAE04EC0-301F-11D3-BF4B-00C04F79EFBC}") = "Exercicio02", "Praticas\Exercicio02\Exercicio02.csproj", "{A8F3FF8C-6631-4271-B7FB-6034B923BF89}"
EndProject
Global
	GlobalSection(SolutionConfigurationPlatforms) = preSolution
		Debug|Any CPU = Debug|Any CPU
		Release|Any CPU = Release|Any CPU
	EndGlobalSection
	GlobalSection(SolutionProperties) = preSolution
		HideSolutionNode = FALSE
	EndGlobalSection
	GlobalSection(ProjectConfigurationPlatforms) = postSolution
		{FD693B66-15B3-4593-A3EA-580C83353D44}.Debug|Any CPU.ActiveCfg = Debug|Any CPU
		{FD693B66-15B3-4593-A3EA-580C83353D44}.Debug|Any CPU.Build.0 = Debug|Any CPU
		{FD693B66-15B3-4593-A3EA-580C83353D44}.Release|Any CPU.ActiveCfg = Release|Any CPU
		{FD693B66-15B3-4593-A3EA-580C83353D44}.Release|Any CPU.Build.0 = Release|Any CPU
		{5F8C3579-E337-4F13-AF8C-31EEBDC19F43}.Debug|Any CPU.ActiveCfg = Debug|Any CPU
		{5F8C3579-E337-4F13-AF8C-31EEBDC19F43}.Debug|Any CPU.Build.0 = Debug|Any CPU
		{5F8C3579-E337-4F13-AF8C-31EEBDC19F43}.Release|Any CPU.ActiveCfg = Release|Any CPU
		{5F8C3579-E337-4F13-AF8C-31EEBDC19F43}.Release|Any CPU.Build.0 = Release|Any CPU
		{EFD8147B-861F-4430-8A9D-83465B7CE329}.Debug|Any CPU.ActiveCfg = Debug|Any CPU
		{EFD8147B-861F-4430-8A9D-83465B7CE329}.Debug|Any CPU.Build.0 = Debug|Any CPU
		{EFD8147B-861F-4430-8A9D-83465B7CE329}.Release|Any CPU.ActiveCfg = Release|Any CPU
		{EFD8147B-861F-4430-8A9D-83465B7CE329}.Release|Any CPU.Build.0 = Release|Any CPU
		{A8F3FF8C-6631-4271-B7FB-6034B923BF89}.Debug|Any CPU.ActiveCfg = Debug|Any CPU
		{A8F3FF8C-6631-4271-B7FB-6034B923BF89}.Debug|Any CPU.Build.0 = Debug|Any CPU
		{A8F3FF8C-6631-4271-B7FB-6034B923BF89}.Release|Any CPU.ActiveCfg = Release|Any CPU
		{A8F3FF8C-6631-4271-B7FB-6034B923BF89}.Release|Any CPU.Build.0 = Release|Any CPU
	EndGlobalSection
	GlobalSection(NestedProjects) = preSolution
		{EFD8147B-861F-4430-8A9D-83465B7CE329} = {8736547B-169F-4856-AB26-9689B512FC1D}
		{A8F3FF8C-6631-4271-B7FB-6034B923BF89} = {8736547B-169F-4856-AB26-9689B512FC1D}
	EndGlobalSection
EndGlobal
