
Microsoft Visual Studio Solution File, Format Version 12.00
# Visual Studio Version 17
VisualStudioVersion = 17.9.34902.65
MinimumVisualStudioVersion = 10.0.40219.1
Project("{FAE04EC0-301F-11D3-BF4B-00C04F79EFBC}") = "Atividade01.Tests", "Atividade01.Tests\Atividade01.Tests.csproj", "{D397DFF5-F078-41A5-9484-ACF78A8C5902}"
EndProject
Project("{FAE04EC0-301F-11D3-BF4B-00C04F79EFBC}") = "Atividade02", "Atividade02\Atividade02.csproj", "{701A16A8-D2E4-4246-A19D-4B33E0795E9B}"
EndProject
Project("{FAE04EC0-301F-11D3-BF4B-00C04F79EFBC}") = "Atividade02.Tests", "Atividade02.Tests\Atividade02.Tests.csproj", "{E811DD62-CA87-4E5F-B033-07D2333B55A9}"
EndProject
Project("{FAE04EC0-301F-11D3-BF4B-00C04F79EFBC}") = "Atividade01", "Atividade01\Atividade01.csproj", "{AFEC57DC-FB73-4EEC-A0DA-DBFDFB3792FA}"
EndProject
Project("{FAE04EC0-301F-11D3-BF4B-00C04F79EFBC}") = "Atividade03", "Atividade03\Atividade03.csproj", "{311E48AC-4531-4299-8FDB-5816FD06F080}"
EndProject
Project("{FAE04EC0-301F-11D3-BF4B-00C04F79EFBC}") = "Atividade03.Tests", "Atividade03.Tests\Atividade03.Tests.csproj", "{776F9B08-8989-4669-9093-C79915359B04}"
EndProject
Project("{FAE04EC0-301F-11D3-BF4B-00C04F79EFBC}") = "Atividade04", "Atividade04\Atividade04.csproj", "{7B92B907-3BA3-4E41-B58E-677379E39D01}"
EndProject
Project("{FAE04EC0-301F-11D3-BF4B-00C04F79EFBC}") = "Atividade04.Tests", "Atividade04.Tests\Atividade04.Tests.csproj", "{1BD87A17-1310-490B-8930-C396A8EC772E}"
EndProject
Project("{FAE04EC0-301F-11D3-BF4B-00C04F79EFBC}") = "Atividade05", "Atividade05\Atividade05.csproj", "{A437A252-EA29-48E4-A52B-181E6C0BCEC8}"
EndProject
Project("{FAE04EC0-301F-11D3-BF4B-00C04F79EFBC}") = "Atividade05.Tests", "Atividade05.Tests\Atividade05.Tests.csproj", "{1B92C1E5-10FD-428D-912E-651074535A1D}"
EndProject
Project("{FAE04EC0-301F-11D3-BF4B-00C04F79EFBC}") = "Atividade06", "Atividade06\Atividade06.csproj", "{E760BBA1-3003-4E2C-B824-E0F8B3B2DC81}"
EndProject
Project("{FAE04EC0-301F-11D3-BF4B-00C04F79EFBC}") = "Atividade06.Tests", "Atividade06.Tests\Atividade06.Tests.csproj", "{937058B1-B1A8-4614-B7F5-1C219E434209}"
EndProject
Project("{FAE04EC0-301F-11D3-BF4B-00C04F79EFBC}") = "Atividade07", "Atividade07\Atividade07.csproj", "{95EDF873-D6B3-450B-8C61-434A33B0A3E8}"
EndProject
Project("{FAE04EC0-301F-11D3-BF4B-00C04F79EFBC}") = "Atividade07.Tests", "Atividade07.Tests\Atividade07.Tests.csproj", "{684A073E-BB21-45C9-88AD-2DA0831B09AE}"
EndProject
Project("{FAE04EC0-301F-11D3-BF4B-00C04F79EFBC}") = "Atividade08", "Atividade08\Atividade08.csproj", "{69A17D47-8AA2-48A8-BC04-80282F8373D2}"
EndProject
Project("{FAE04EC0-301F-11D3-BF4B-00C04F79EFBC}") = "Atividade08.Tests", "Atividade08.Tests\Atividade08.Tests.csproj", "{AF317830-84C2-4691-894E-B2658811E162}"
EndProject
Project("{FAE04EC0-301F-11D3-BF4B-00C04F79EFBC}") = "Atividade09", "Atividade09\Atividade09.csproj", "{0673147A-82D5-4E71-A5E2-F2F38FA00324}"
EndProject
Project("{FAE04EC0-301F-11D3-BF4B-00C04F79EFBC}") = "Atividade09.Tests", "Atividade09.Tests\Atividade09.Tests.csproj", "{3B4145FD-65C1-462E-A769-B457AB424638}"
EndProject
Project("{2150E333-8FDC-42A3-9474-1A3956D46DE8}") = "Solution Items", "Solution Items", "{E59DAC8C-099C-46CD-9135-D93773E887AA}"
	ProjectSection(SolutionItems) = preProject
		.gitignore = .gitignore
	EndProjectSection
EndProject
Global
	GlobalSection(SolutionConfigurationPlatforms) = preSolution
		Debug|Any CPU = Debug|Any CPU
		Release|Any CPU = Release|Any CPU
	EndGlobalSection
	GlobalSection(ProjectConfigurationPlatforms) = postSolution
		{D397DFF5-F078-41A5-9484-ACF78A8C5902}.Debug|Any CPU.ActiveCfg = Debug|Any CPU
		{D397DFF5-F078-41A5-9484-ACF78A8C5902}.Debug|Any CPU.Build.0 = Debug|Any CPU
		{D397DFF5-F078-41A5-9484-ACF78A8C5902}.Release|Any CPU.ActiveCfg = Release|Any CPU
		{D397DFF5-F078-41A5-9484-ACF78A8C5902}.Release|Any CPU.Build.0 = Release|Any CPU
		{701A16A8-D2E4-4246-A19D-4B33E0795E9B}.Debug|Any CPU.ActiveCfg = Debug|Any CPU
		{701A16A8-D2E4-4246-A19D-4B33E0795E9B}.Debug|Any CPU.Build.0 = Debug|Any CPU
		{701A16A8-D2E4-4246-A19D-4B33E0795E9B}.Release|Any CPU.ActiveCfg = Release|Any CPU
		{701A16A8-D2E4-4246-A19D-4B33E0795E9B}.Release|Any CPU.Build.0 = Release|Any CPU
		{E811DD62-CA87-4E5F-B033-07D2333B55A9}.Debug|Any CPU.ActiveCfg = Debug|Any CPU
		{E811DD62-CA87-4E5F-B033-07D2333B55A9}.Debug|Any CPU.Build.0 = Debug|Any CPU
		{E811DD62-CA87-4E5F-B033-07D2333B55A9}.Release|Any CPU.ActiveCfg = Release|Any CPU
		{E811DD62-CA87-4E5F-B033-07D2333B55A9}.Release|Any CPU.Build.0 = Release|Any CPU
		{AFEC57DC-FB73-4EEC-A0DA-DBFDFB3792FA}.Debug|Any CPU.ActiveCfg = Debug|Any CPU
		{AFEC57DC-FB73-4EEC-A0DA-DBFDFB3792FA}.Debug|Any CPU.Build.0 = Debug|Any CPU
		{AFEC57DC-FB73-4EEC-A0DA-DBFDFB3792FA}.Release|Any CPU.ActiveCfg = Release|Any CPU
		{AFEC57DC-FB73-4EEC-A0DA-DBFDFB3792FA}.Release|Any CPU.Build.0 = Release|Any CPU
		{311E48AC-4531-4299-8FDB-5816FD06F080}.Debug|Any CPU.ActiveCfg = Debug|Any CPU
		{311E48AC-4531-4299-8FDB-5816FD06F080}.Debug|Any CPU.Build.0 = Debug|Any CPU
		{311E48AC-4531-4299-8FDB-5816FD06F080}.Release|Any CPU.ActiveCfg = Release|Any CPU
		{311E48AC-4531-4299-8FDB-5816FD06F080}.Release|Any CPU.Build.0 = Release|Any CPU
		{776F9B08-8989-4669-9093-C79915359B04}.Debug|Any CPU.ActiveCfg = Debug|Any CPU
		{776F9B08-8989-4669-9093-C79915359B04}.Debug|Any CPU.Build.0 = Debug|Any CPU
		{776F9B08-8989-4669-9093-C79915359B04}.Release|Any CPU.ActiveCfg = Release|Any CPU
		{776F9B08-8989-4669-9093-C79915359B04}.Release|Any CPU.Build.0 = Release|Any CPU
		{7B92B907-3BA3-4E41-B58E-677379E39D01}.Debug|Any CPU.ActiveCfg = Debug|Any CPU
		{7B92B907-3BA3-4E41-B58E-677379E39D01}.Debug|Any CPU.Build.0 = Debug|Any CPU
		{7B92B907-3BA3-4E41-B58E-677379E39D01}.Release|Any CPU.ActiveCfg = Release|Any CPU
		{7B92B907-3BA3-4E41-B58E-677379E39D01}.Release|Any CPU.Build.0 = Release|Any CPU
		{1BD87A17-1310-490B-8930-C396A8EC772E}.Debug|Any CPU.ActiveCfg = Debug|Any CPU
		{1BD87A17-1310-490B-8930-C396A8EC772E}.Debug|Any CPU.Build.0 = Debug|Any CPU
		{1BD87A17-1310-490B-8930-C396A8EC772E}.Release|Any CPU.ActiveCfg = Release|Any CPU
		{1BD87A17-1310-490B-8930-C396A8EC772E}.Release|Any CPU.Build.0 = Release|Any CPU
		{A437A252-EA29-48E4-A52B-181E6C0BCEC8}.Debug|Any CPU.ActiveCfg = Debug|Any CPU
		{A437A252-EA29-48E4-A52B-181E6C0BCEC8}.Debug|Any CPU.Build.0 = Debug|Any CPU
		{A437A252-EA29-48E4-A52B-181E6C0BCEC8}.Release|Any CPU.ActiveCfg = Release|Any CPU
		{A437A252-EA29-48E4-A52B-181E6C0BCEC8}.Release|Any CPU.Build.0 = Release|Any CPU
		{1B92C1E5-10FD-428D-912E-651074535A1D}.Debug|Any CPU.ActiveCfg = Debug|Any CPU
		{1B92C1E5-10FD-428D-912E-651074535A1D}.Debug|Any CPU.Build.0 = Debug|Any CPU
		{1B92C1E5-10FD-428D-912E-651074535A1D}.Release|Any CPU.ActiveCfg = Release|Any CPU
		{1B92C1E5-10FD-428D-912E-651074535A1D}.Release|Any CPU.Build.0 = Release|Any CPU
		{E760BBA1-3003-4E2C-B824-E0F8B3B2DC81}.Debug|Any CPU.ActiveCfg = Debug|Any CPU
		{E760BBA1-3003-4E2C-B824-E0F8B3B2DC81}.Debug|Any CPU.Build.0 = Debug|Any CPU
		{E760BBA1-3003-4E2C-B824-E0F8B3B2DC81}.Release|Any CPU.ActiveCfg = Release|Any CPU
		{E760BBA1-3003-4E2C-B824-E0F8B3B2DC81}.Release|Any CPU.Build.0 = Release|Any CPU
		{937058B1-B1A8-4614-B7F5-1C219E434209}.Debug|Any CPU.ActiveCfg = Debug|Any CPU
		{937058B1-B1A8-4614-B7F5-1C219E434209}.Debug|Any CPU.Build.0 = Debug|Any CPU
		{937058B1-B1A8-4614-B7F5-1C219E434209}.Release|Any CPU.ActiveCfg = Release|Any CPU
		{937058B1-B1A8-4614-B7F5-1C219E434209}.Release|Any CPU.Build.0 = Release|Any CPU
		{95EDF873-D6B3-450B-8C61-434A33B0A3E8}.Debug|Any CPU.ActiveCfg = Debug|Any CPU
		{95EDF873-D6B3-450B-8C61-434A33B0A3E8}.Debug|Any CPU.Build.0 = Debug|Any CPU
		{95EDF873-D6B3-450B-8C61-434A33B0A3E8}.Release|Any CPU.ActiveCfg = Release|Any CPU
		{95EDF873-D6B3-450B-8C61-434A33B0A3E8}.Release|Any CPU.Build.0 = Release|Any CPU
		{684A073E-BB21-45C9-88AD-2DA0831B09AE}.Debug|Any CPU.ActiveCfg = Debug|Any CPU
		{684A073E-BB21-45C9-88AD-2DA0831B09AE}.Debug|Any CPU.Build.0 = Debug|Any CPU
		{684A073E-BB21-45C9-88AD-2DA0831B09AE}.Release|Any CPU.ActiveCfg = Release|Any CPU
		{684A073E-BB21-45C9-88AD-2DA0831B09AE}.Release|Any CPU.Build.0 = Release|Any CPU
		{69A17D47-8AA2-48A8-BC04-80282F8373D2}.Debug|Any CPU.ActiveCfg = Debug|Any CPU
		{69A17D47-8AA2-48A8-BC04-80282F8373D2}.Debug|Any CPU.Build.0 = Debug|Any CPU
		{69A17D47-8AA2-48A8-BC04-80282F8373D2}.Release|Any CPU.ActiveCfg = Release|Any CPU
		{69A17D47-8AA2-48A8-BC04-80282F8373D2}.Release|Any CPU.Build.0 = Release|Any CPU
		{AF317830-84C2-4691-894E-B2658811E162}.Debug|Any CPU.ActiveCfg = Debug|Any CPU
		{AF317830-84C2-4691-894E-B2658811E162}.Debug|Any CPU.Build.0 = Debug|Any CPU
		{AF317830-84C2-4691-894E-B2658811E162}.Release|Any CPU.ActiveCfg = Release|Any CPU
		{AF317830-84C2-4691-894E-B2658811E162}.Release|Any CPU.Build.0 = Release|Any CPU
		{0673147A-82D5-4E71-A5E2-F2F38FA00324}.Debug|Any CPU.ActiveCfg = Debug|Any CPU
		{0673147A-82D5-4E71-A5E2-F2F38FA00324}.Debug|Any CPU.Build.0 = Debug|Any CPU
		{0673147A-82D5-4E71-A5E2-F2F38FA00324}.Release|Any CPU.ActiveCfg = Release|Any CPU
		{0673147A-82D5-4E71-A5E2-F2F38FA00324}.Release|Any CPU.Build.0 = Release|Any CPU
		{3B4145FD-65C1-462E-A769-B457AB424638}.Debug|Any CPU.ActiveCfg = Debug|Any CPU
		{3B4145FD-65C1-462E-A769-B457AB424638}.Debug|Any CPU.Build.0 = Debug|Any CPU
		{3B4145FD-65C1-462E-A769-B457AB424638}.Release|Any CPU.ActiveCfg = Release|Any CPU
		{3B4145FD-65C1-462E-A769-B457AB424638}.Release|Any CPU.Build.0 = Release|Any CPU
	EndGlobalSection
	GlobalSection(SolutionProperties) = preSolution
		HideSolutionNode = FALSE
	EndGlobalSection
	GlobalSection(ExtensibilityGlobals) = postSolution
		SolutionGuid = {CFCE9424-5151-4B96-8F87-CD13E04749D7}
	EndGlobalSection
EndGlobal
