
Microsoft Visual Studio Solution File, Format Version 12.00
# Visual Studio Version 17
VisualStudioVersion = 17.0.31903.59
MinimumVisualStudioVersion = 10.0.40219.1
Project("{FAE04EC0-301F-11D3-BF4B-00C04F79EFBC}") = "TechMed.Domain", "TechMed.Domain\TechMed.Domain.csproj", "{FFF8AC9D-3AB9-494F-AA46-DA08212B776F}"
EndProject
Project("{FAE04EC0-301F-11D3-BF4B-00C04F79EFBC}") = "TechMed.Infrastructure", "TechMed.Infrastructure\TechMed.Infrastructure.csproj", "{341A4740-14CC-4655-91A4-467A6E870681}"
EndProject
Project("{FAE04EC0-301F-11D3-BF4B-00C04F79EFBC}") = "TechMed.WebAPI", "TechMed.WebAPI\TechMed.WebAPI.csproj", "{5A9A0542-3853-48B0-AB33-7BA4D63286AF}"
EndProject
Global
	GlobalSection(SolutionConfigurationPlatforms) = preSolution
		Debug|Any CPU = Debug|Any CPU
		Release|Any CPU = Release|Any CPU
	EndGlobalSection
	GlobalSection(ProjectConfigurationPlatforms) = postSolution
		{FFF8AC9D-3AB9-494F-AA46-DA08212B776F}.Debug|Any CPU.ActiveCfg = Debug|Any CPU
		{FFF8AC9D-3AB9-494F-AA46-DA08212B776F}.Debug|Any CPU.Build.0 = Debug|Any CPU
		{FFF8AC9D-3AB9-494F-AA46-DA08212B776F}.Release|Any CPU.ActiveCfg = Release|Any CPU
		{FFF8AC9D-3AB9-494F-AA46-DA08212B776F}.Release|Any CPU.Build.0 = Release|Any CPU
		{341A4740-14CC-4655-91A4-467A6E870681}.Debug|Any CPU.ActiveCfg = Debug|Any CPU
		{341A4740-14CC-4655-91A4-467A6E870681}.Debug|Any CPU.Build.0 = Debug|Any CPU
		{341A4740-14CC-4655-91A4-467A6E870681}.Release|Any CPU.ActiveCfg = Release|Any CPU
		{341A4740-14CC-4655-91A4-467A6E870681}.Release|Any CPU.Build.0 = Release|Any CPU
		{5A9A0542-3853-48B0-AB33-7BA4D63286AF}.Debug|Any CPU.ActiveCfg = Debug|Any CPU
		{5A9A0542-3853-48B0-AB33-7BA4D63286AF}.Debug|Any CPU.Build.0 = Debug|Any CPU
		{5A9A0542-3853-48B0-AB33-7BA4D63286AF}.Release|Any CPU.ActiveCfg = Release|Any CPU
		{5A9A0542-3853-48B0-AB33-7BA4D63286AF}.Release|Any CPU.Build.0 = Release|Any CPU
	EndGlobalSection
	GlobalSection(SolutionProperties) = preSolution
		HideSolutionNode = FALSE
	EndGlobalSection
EndGlobal
