
Microsoft Visual Studio Solution File, Format Version 12.00
# Visual Studio Version 17
VisualStudioVersion = 17.5.002.0
MinimumVisualStudioVersion = 10.0.40219.1
Project("{9A19103F-16F7-4668-BE54-9A1E7A4F7556}") = "OrdemDeServico.Domain", "OrdemDeServico.Domain\OrdemDeServico.Domain.csproj", "{0C0CBD9C-D5E4-4EC2-BE6B-6DFFA17857D4}"
EndProject
Project("{9A19103F-16F7-4668-BE54-9A1E7A4F7556}") = "OrdemDeServico.Infra", "OrdemDeServico.Infra\OrdemDeServico.Infra.csproj", "{D8B98704-9078-483D-91FE-4472BA4C699A}"
EndProject
Project("{FAE04EC0-301F-11D3-BF4B-00C04F79EFBC}") = "OrdemDeServico.WebAPI", "OrdemDeServico.WebAPI\OrdemDeServico.WebAPI.csproj", "{B07D47EB-5302-4545-AC9A-34157BDB4F71}"
EndProject
Project("{FAE04EC0-301F-11D3-BF4B-00C04F79EFBC}") = "OrdemDeServico.Application", "OrdemDeServico.Application\OrdemDeServico.Application.csproj", "{00FB4E27-CA02-4269-8174-964E24B9647F}"
EndProject
Global
	GlobalSection(SolutionConfigurationPlatforms) = preSolution
		Debug|Any CPU = Debug|Any CPU
		Release|Any CPU = Release|Any CPU
	EndGlobalSection
	GlobalSection(ProjectConfigurationPlatforms) = postSolution
		{0C0CBD9C-D5E4-4EC2-BE6B-6DFFA17857D4}.Debug|Any CPU.ActiveCfg = Debug|Any CPU
		{0C0CBD9C-D5E4-4EC2-BE6B-6DFFA17857D4}.Debug|Any CPU.Build.0 = Debug|Any CPU
		{0C0CBD9C-D5E4-4EC2-BE6B-6DFFA17857D4}.Release|Any CPU.ActiveCfg = Release|Any CPU
		{0C0CBD9C-D5E4-4EC2-BE6B-6DFFA17857D4}.Release|Any CPU.Build.0 = Release|Any CPU
		{D8B98704-9078-483D-91FE-4472BA4C699A}.Debug|Any CPU.ActiveCfg = Debug|Any CPU
		{D8B98704-9078-483D-91FE-4472BA4C699A}.Debug|Any CPU.Build.0 = Debug|Any CPU
		{D8B98704-9078-483D-91FE-4472BA4C699A}.Release|Any CPU.ActiveCfg = Release|Any CPU
		{D8B98704-9078-483D-91FE-4472BA4C699A}.Release|Any CPU.Build.0 = Release|Any CPU
		{B07D47EB-5302-4545-AC9A-34157BDB4F71}.Debug|Any CPU.ActiveCfg = Debug|Any CPU
		{B07D47EB-5302-4545-AC9A-34157BDB4F71}.Debug|Any CPU.Build.0 = Debug|Any CPU
		{B07D47EB-5302-4545-AC9A-34157BDB4F71}.Release|Any CPU.ActiveCfg = Release|Any CPU
		{B07D47EB-5302-4545-AC9A-34157BDB4F71}.Release|Any CPU.Build.0 = Release|Any CPU
		{00FB4E27-CA02-4269-8174-964E24B9647F}.Debug|Any CPU.ActiveCfg = Debug|Any CPU
		{00FB4E27-CA02-4269-8174-964E24B9647F}.Debug|Any CPU.Build.0 = Debug|Any CPU
		{00FB4E27-CA02-4269-8174-964E24B9647F}.Release|Any CPU.ActiveCfg = Release|Any CPU
		{00FB4E27-CA02-4269-8174-964E24B9647F}.Release|Any CPU.Build.0 = Release|Any CPU
	EndGlobalSection
	GlobalSection(SolutionProperties) = preSolution
		HideSolutionNode = FALSE
	EndGlobalSection
	GlobalSection(ExtensibilityGlobals) = postSolution
		SolutionGuid = {8E654CB6-0E21-4EFD-A77E-E5D56996418F}
	EndGlobalSection
EndGlobal
