
Microsoft Visual Studio Solution File, Format Version 12.00
# Visual Studio Version 17
VisualStudioVersion = 17.0.31903.59
MinimumVisualStudioVersion = 10.0.40219.1
Project("{2150E333-8FDC-42A3-9474-1A3956D46DE8}") = "Semana1", "Semana1", "{8AA36DE4-D058-48E6-A455-D164E6FE042A}"
EndProject
Project("{FAE04EC0-301F-11D3-BF4B-00C04F79EFBC}") = "MinimalAPI", "Semana1\MinimalAPI\MinimalAPI.csproj", "{ED0C8064-2911-4D42-B484-9544896488D8}"
EndProject
Global
	GlobalSection(SolutionConfigurationPlatforms) = preSolution
		Debug|Any CPU = Debug|Any CPU
		Release|Any CPU = Release|Any CPU
	EndGlobalSection
	GlobalSection(SolutionProperties) = preSolution
		HideSolutionNode = FALSE
	EndGlobalSection
	GlobalSection(ProjectConfigurationPlatforms) = postSolution
		{ED0C8064-2911-4D42-B484-9544896488D8}.Debug|Any CPU.ActiveCfg = Debug|Any CPU
		{ED0C8064-2911-4D42-B484-9544896488D8}.Debug|Any CPU.Build.0 = Debug|Any CPU
		{ED0C8064-2911-4D42-B484-9544896488D8}.Release|Any CPU.ActiveCfg = Release|Any CPU
		{ED0C8064-2911-4D42-B484-9544896488D8}.Release|Any CPU.Build.0 = Release|Any CPU
	EndGlobalSection
	GlobalSection(NestedProjects) = preSolution
		{ED0C8064-2911-4D42-B484-9544896488D8} = {8AA36DE4-D058-48E6-A455-D164E6FE042A}
	EndGlobalSection
EndGlobal
